
Microsoft Visual Studio Solution File, Format Version 12.00
# Visual Studio Version 17
VisualStudioVersion = 17.13.35825.156 d17.13
MinimumVisualStudioVersion = 10.0.40219.1
Project("{FAE04EC0-301F-11D3-BF4B-00C04F79EFBC}") = "31_03_2025КласснаяРабота", "31_03_2025КласснаяРабота\31_03_2025КласснаяРабота.csproj", "{AAC5470D-D39F-422D-A997-A03F664DE5D1}"
EndProject
Global
	GlobalSection(SolutionConfigurationPlatforms) = preSolution
		Debug|Any CPU = Debug|Any CPU
		Release|Any CPU = Release|Any CPU
	EndGlobalSection
	GlobalSection(ProjectConfigurationPlatforms) = postSolution
		{AAC5470D-D39F-422D-A997-A03F664DE5D1}.Debug|Any CPU.ActiveCfg = Debug|Any CPU
		{AAC5470D-D39F-422D-A997-A03F664DE5D1}.Debug|Any CPU.Build.0 = Debug|Any CPU
		{AAC5470D-D39F-422D-A997-A03F664DE5D1}.Release|Any CPU.ActiveCfg = Release|Any CPU
		{AAC5470D-D39F-422D-A997-A03F664DE5D1}.Release|Any CPU.Build.0 = Release|Any CPU
	EndGlobalSection
	GlobalSection(SolutionProperties) = preSolution
		HideSolutionNode = FALSE
	EndGlobalSection
	GlobalSection(ExtensibilityGlobals) = postSolution
		SolutionGuid = {357967D0-1F19-432B-81E2-0C7D1C88376D}
	EndGlobalSection
EndGlobal
